
Microsoft Visual Studio Solution File, Format Version 12.00
# Visual Studio Version 16
VisualStudioVersion = 16.0.29215.179
MinimumVisualStudioVersion = 10.0.40219.1
Project("{FAE04EC0-301F-11D3-BF4B-00C04F79EFBC}") = "EncapsulationProj", "EncapsulationProj.csproj", "{65928831-D2B4-4059-A6A8-EA396A6AB18C}"
EndProject
Global
	GlobalSection(SolutionConfigurationPlatforms) = preSolution
		Debug|Any CPU = Debug|Any CPU
		Release|Any CPU = Release|Any CPU
	EndGlobalSection
	GlobalSection(ProjectConfigurationPlatforms) = postSolution
		{65928831-D2B4-4059-A6A8-EA396A6AB18C}.Debug|Any CPU.ActiveCfg = Debug|Any CPU
		{65928831-D2B4-4059-A6A8-EA396A6AB18C}.Debug|Any CPU.Build.0 = Debug|Any CPU
		{65928831-D2B4-4059-A6A8-EA396A6AB18C}.Release|Any CPU.ActiveCfg = Release|Any CPU
		{65928831-D2B4-4059-A6A8-EA396A6AB18C}.Release|Any CPU.Build.0 = Release|Any CPU
	EndGlobalSection
	GlobalSection(SolutionProperties) = preSolution
		HideSolutionNode = FALSE
	EndGlobalSection
	GlobalSection(ExtensibilityGlobals) = postSolution
		SolutionGuid = {65D39664-13CF-4987-915E-247853460CF3}
	EndGlobalSection
EndGlobal
